{"1.2.0",
[{<<"epgsql">>,{pkg,<<"epgsql">>,<<"4.7.1">>},0},
 {<<"herd">>,
  {git,"https://github.com/wgnet/herd.git",
       {ref,"934847589dcf5a6d2b02a1f546ffe91c04066f17"}},
  0},
 {<<"pooler">>,{pkg,<<"pooler">>,<<"1.6.0">>},0}]}.
[
{pkg_hash,[
 {<<"epgsql">>, <<"D4E47CAE46C18C8AFA88E34D59A9B4BAE16368D7CE1EB3DA24FA755EB28393EB">>},
 {<<"pooler">>, <<"F4F33C94AB3AB82565A2E31CEA9EFE4149A160651F3707A0A2669BC54AAF81C8">>}]},
{pkg_hash_ext,[
 {<<"epgsql">>, <<"B6D86B7DC42C8555B1D4E20880E5099D6D6D053148000E188E548F98E4E01836">>},
 {<<"pooler">>, <<"748C988FD2928DE9577C882A49621863CAB57809E3E1A88A14C9D3B55C6AB877">>}]}
].
